
Microsoft Visual Studio Solution File, Format Version 12.00
# Visual Studio 15
VisualStudioVersion = 15.0.28307.572
MinimumVisualStudioVersion = 10.0.40219.1
Project("{FAE04EC0-301F-11D3-BF4B-00C04F79EFBC}") = "SIS.API", "SIS.API\SIS.API.csproj", "{54DABE80-73D9-4E76-9D87-FE9FB927C5F9}"
EndProject
Global
	GlobalSection(SolutionConfigurationPlatforms) = preSolution
		Debug|Any CPU = Debug|Any CPU
		Release|Any CPU = Release|Any CPU
	EndGlobalSection
	GlobalSection(ProjectConfigurationPlatforms) = postSolution
		{54DABE80-73D9-4E76-9D87-FE9FB927C5F9}.Debug|Any CPU.ActiveCfg = Debug|Any CPU
		{54DABE80-73D9-4E76-9D87-FE9FB927C5F9}.Debug|Any CPU.Build.0 = Debug|Any CPU
		{54DABE80-73D9-4E76-9D87-FE9FB927C5F9}.Release|Any CPU.ActiveCfg = Release|Any CPU
		{54DABE80-73D9-4E76-9D87-FE9FB927C5F9}.Release|Any CPU.Build.0 = Release|Any CPU
	EndGlobalSection
	GlobalSection(SolutionProperties) = preSolution
		HideSolutionNode = FALSE
	EndGlobalSection
	GlobalSection(ExtensibilityGlobals) = postSolution
		SolutionGuid = {7E3B858B-0CF5-4E5B-868B-BC5358A080BF}
	EndGlobalSection
EndGlobal
